// !$*UTF8*$!
{
	archiveVersion = 1;
	classes = {
	};
	objectVersion = 56;
	objects = {

/* Begin PBXBuildFile section */
		8C4E621128FC45CB00FDC1B6 /* BoozingApp.swift in Sources */ = {isa = PBXBuildFile; fileRef = 8C4E621028FC45CB00FDC1B6 /* BoozingApp.swift */; };
		8C4E621328FC45CB00FDC1B6 /* ContentView.swift in Sources */ = {isa = PBXBuildFile; fileRef = 8C4E621228FC45CB00FDC1B6 /* ContentView.swift */; };
		8C4E621528FC45CC00FDC1B6 /* Assets.xcassets in Resources */ = {isa = PBXBuildFile; fileRef = 8C4E621428FC45CC00FDC1B6 /* Assets.xcassets */; };
		8C4E621928FC45CC00FDC1B6 /* Preview Assets.xcassets in Resources */ = {isa = PBXBuildFile; fileRef = 8C4E621828FC45CC00FDC1B6 /* Preview Assets.xcassets */; };
		8C4E622328FC45CC00FDC1B6 /* BoozingTests.swift in Sources */ = {isa = PBXBuildFile; fileRef = 8C4E622228FC45CC00FDC1B6 /* BoozingTests.swift */; };
		8C4E622D28FC45CC00FDC1B6 /* BoozingUITests.swift in Sources */ = {isa = PBXBuildFile; fileRef = 8C4E622C28FC45CC00FDC1B6 /* BoozingUITests.swift */; };
		8C4E622F28FC45CC00FDC1B6 /* BoozingUITestsLaunchTests.swift in Sources */ = {isa = PBXBuildFile; fileRef = 8C4E622E28FC45CC00FDC1B6 /* BoozingUITestsLaunchTests.swift */; };
/* End PBXBuildFile section */

/* Begin PBXContainerItemProxy section */
		8C4E621F28FC45CC00FDC1B6 /* PBXContainerItemProxy */ = {
			isa = PBXContainerItemProxy;
			containerPortal = 8C4E620528FC45CB00FDC1B6 /* Project object */;
			proxyType = 1;
			remoteGlobalIDString = 8C4E620C28FC45CB00FDC1B6;
			remoteInfo = Boozing;
		};
		8C4E622928FC45CC00FDC1B6 /* PBXContainerItemProxy */ = {
			isa = PBXContainerItemProxy;
			containerPortal = 8C4E620528FC45CB00FDC1B6 /* Project object */;
			proxyType = 1;
			remoteGlobalIDString = 8C4E620C28FC45CB00FDC1B6;
			remoteInfo = Boozing;
		};
/* End PBXContainerItemProxy section */

/* Begin PBXFileReference section */
		8C4E620D28FC45CB00FDC1B6 /* Boozing.app */ = {isa = PBXFileReference; explicitFileType = wrapper.application; includeInIndex = 0; path = Boozing.app; sourceTree = BUILT_PRODUCTS_DIR; };
		8C4E621028FC45CB00FDC1B6 /* BoozingApp.swift */ = {isa = PBXFileReference; lastKnownFileType = sourcecode.swift; path = BoozingApp.swift; sourceTree = "<group>"; };
		8C4E621228FC45CB00FDC1B6 /* ContentView.swift */ = {isa = PBXFileReference; lastKnownFileType = sourcecode.swift; path = ContentView.swift; sourceTree = "<group>"; };
		8C4E621428FC45CC00FDC1B6 /* Assets.xcassets */ = {isa = PBXFileReference; lastKnownFileType = folder.assetcatalog; path = Assets.xcassets; sourceTree = "<group>"; };
		8C4E621628FC45CC00FDC1B6 /* Boozing.entitlements */ = {isa = PBXFileReference; lastKnownFileType = text.plist.entitlements; path = Boozing.entitlements; sourceTree = "<group>"; };
		8C4E621828FC45CC00FDC1B6 /* Preview Assets.xcassets */ = {isa = PBXFileReference; lastKnownFileType = folder.assetcatalog; path = "Preview Assets.xcassets"; sourceTree = "<group>"; };
		8C4E621E28FC45CC00FDC1B6 /* BoozingTests.xctest */ = {isa = PBXFileReference; explicitFileType = wrapper.cfbundle; includeInIndex = 0; path = BoozingTests.xctest; sourceTree = BUILT_PRODUCTS_DIR; };
		8C4E622228FC45CC00FDC1B6 /* BoozingTests.swift */ = {isa = PBXFileReference; lastKnownFileType = sourcecode.swift; path = BoozingTests.swift; sourceTree = "<group>"; };
		8C4E622828FC45CC00FDC1B6 /* BoozingUITests.xctest */ = {isa = PBXFileReference; explicitFileType = wrapper.cfbundle; includeInIndex = 0; path = BoozingUITests.xctest; sourceTree = BUILT_PRODUCTS_DIR; };
		8C4E622C28FC45CC00FDC1B6 /* BoozingUITests.swift */ = {isa = PBXFileReference; lastKnownFileType = sourcecode.swift; path = BoozingUITests.swift; sourceTree = "<group>"; };
		8C4E622E28FC45CC00FDC1B6 /* BoozingUITestsLaunchTests.swift */ = {isa = PBXFileReference; lastKnownFileType = sourcecode.swift; path = BoozingUITestsLaunchTests.swift; sourceTree = "<group>"; };
/* End PBXFileReference section */

/* Begin PBXFrameworksBuildPhase section */
		8C4E620A28FC45CB00FDC1B6 /* Frameworks */ = {
			isa = PBXFrameworksBuildPhase;
			buildActionMask = 2147483647;
			files = (
			);
			runOnlyForDeploymentPostprocessing = 0;
		};
		8C4E621B28FC45CC00FDC1B6 /* Frameworks */ = {
			isa = PBXFrameworksBuildPhase;
			buildActionMask = 2147483647;
			files = (
			);
			runOnlyForDeploymentPostprocessing = 0;
		};
		8C4E622528FC45CC00FDC1B6 /* Frameworks */ = {
			isa = PBXFrameworksBuildPhase;
			buildActionMask = 2147483647;
			files = (
			);
			runOnlyForDeploymentPostprocessing = 0;
		};
/* End PBXFrameworksBuildPhase section */

/* Begin PBXGroup section */
		8C4E620428FC45CB00FDC1B6 = {
			isa = PBXGroup;
			children = (
				8C4E620F28FC45CB00FDC1B6 /* Boozing */,
				8C4E622128FC45CC00FDC1B6 /* BoozingTests */,
				8C4E622B28FC45CC00FDC1B6 /* BoozingUITests */,
				8C4E620E28FC45CB00FDC1B6 /* Products */,
			);
			sourceTree = "<group>";
		};
		8C4E620E28FC45CB00FDC1B6 /* Products */ = {
			isa = PBXGroup;
			children = (
				8C4E620D28FC45CB00FDC1B6 /* Boozing.app */,
				8C4E621E28FC45CC00FDC1B6 /* BoozingTests.xctest */,
				8C4E622828FC45CC00FDC1B6 /* BoozingUITests.xctest */,
			);
			name = Products;
			sourceTree = "<group>";
		};
		8C4E620F28FC45CB00FDC1B6 /* Boozing */ = {
			isa = PBXGroup;
			children = (
				8C4E621028FC45CB00FDC1B6 /* BoozingApp.swift */,
				8C4E621228FC45CB00FDC1B6 /* ContentView.swift */,
				8C4E621428FC45CC00FDC1B6 /* Assets.xcassets */,
				8C4E621628FC45CC00FDC1B6 /* Boozing.entitlements */,
				8C4E621728FC45CC00FDC1B6 /* Preview Content */,
			);
			path = Boozing;
			sourceTree = "<group>";
		};
		8C4E621728FC45CC00FDC1B6 /* Preview Content */ = {
			isa = PBXGroup;
			children = (
				8C4E621828FC45CC00FDC1B6 /* Preview Assets.xcassets */,
			);
			path = "Preview Content";
			sourceTree = "<group>";
		};
		8C4E622128FC45CC00FDC1B6 /* BoozingTests */ = {
			isa = PBXGroup;
			children = (
				8C4E622228FC45CC00FDC1B6 /* BoozingTests.swift */,
			);
			path = BoozingTests;
			sourceTree = "<group>";
		};
		8C4E622B28FC45CC00FDC1B6 /* BoozingUITests */ = {
			isa = PBXGroup;
			children = (
				8C4E622C28FC45CC00FDC1B6 /* BoozingUITests.swift */,
				8C4E622E28FC45CC00FDC1B6 /* BoozingUITestsLaunchTests.swift */,
			);
			path = BoozingUITests;
			sourceTree = "<group>";
		};
/* End PBXGroup section */

/* Begin PBXNativeTarget section */
		8C4E620C28FC45CB00FDC1B6 /* Boozing */ = {
			isa = PBXNativeTarget;
			buildConfigurationList = 8C4E623228FC45CC00FDC1B6 /* Build configuration list for PBXNativeTarget "Boozing" */;
			buildPhases = (
				8C4E620928FC45CB00FDC1B6 /* Sources */,
				8C4E620A28FC45CB00FDC1B6 /* Frameworks */,
				8C4E620B28FC45CB00FDC1B6 /* Resources */,
			);
			buildRules = (
			);
			dependencies = (
			);
			name = Boozing;
			productName = Boozing;
			productReference = 8C4E620D28FC45CB00FDC1B6 /* Boozing.app */;
			productType = "com.apple.product-type.application";
		};
		8C4E621D28FC45CC00FDC1B6 /* BoozingTests */ = {
			isa = PBXNativeTarget;
			buildConfigurationList = 8C4E623528FC45CC00FDC1B6 /* Build configuration list for PBXNativeTarget "BoozingTests" */;
			buildPhases = (
				8C4E621A28FC45CC00FDC1B6 /* Sources */,
				8C4E621B28FC45CC00FDC1B6 /* Frameworks */,
				8C4E621C28FC45CC00FDC1B6 /* Resources */,
			);
			buildRules = (
			);
			dependencies = (
				8C4E622028FC45CC00FDC1B6 /* PBXTargetDependency */,
			);
			name = BoozingTests;
			productName = BoozingTests;
			productReference = 8C4E621E28FC45CC00FDC1B6 /* BoozingTests.xctest */;
			productType = "com.apple.product-type.bundle.unit-test";
		};
		8C4E622728FC45CC00FDC1B6 /* BoozingUITests */ = {
			isa = PBXNativeTarget;
			buildConfigurationList = 8C4E623828FC45CC00FDC1B6 /* Build configuration list for PBXNativeTarget "BoozingUITests" */;
			buildPhases = (
				8C4E622428FC45CC00FDC1B6 /* Sources */,
				8C4E622528FC45CC00FDC1B6 /* Frameworks */,
				8C4E622628FC45CC00FDC1B6 /* Resources */,
			);
			buildRules = (
			);
			dependencies = (
				8C4E622A28FC45CC00FDC1B6 /* PBXTargetDependency */,
			);
			name = BoozingUITests;
			productName = BoozingUITests;
			productReference = 8C4E622828FC45CC00FDC1B6 /* BoozingUITests.xctest */;
			productType = "com.apple.product-type.bundle.ui-testing";
		};
/* End PBXNativeTarget section */

/* Begin PBXProject section */
		8C4E620528FC45CB00FDC1B6 /* Project object */ = {
			isa = PBXProject;
			attributes = {
				BuildIndependentTargetsInParallel = 1;
				LastSwiftUpdateCheck = 1400;
				LastUpgradeCheck = 1400;
				TargetAttributes = {
					8C4E620C28FC45CB00FDC1B6 = {
						CreatedOnToolsVersion = 14.0.1;
					};
					8C4E621D28FC45CC00FDC1B6 = {
						CreatedOnToolsVersion = 14.0.1;
						TestTargetID = 8C4E620C28FC45CB00FDC1B6;
					};
					8C4E622728FC45CC00FDC1B6 = {
						CreatedOnToolsVersion = 14.0.1;
						TestTargetID = 8C4E620C28FC45CB00FDC1B6;
					};
				};
			};
			buildConfigurationList = 8C4E620828FC45CB00FDC1B6 /* Build configuration list for PBXProject "Boozing" */;
			compatibilityVersion = "Xcode 14.0";
			developmentRegion = en;
			hasScannedForEncodings = 0;
			knownRegions = (
				en,
				Base,
			);
			mainGroup = 8C4E620428FC45CB00FDC1B6;
			productRefGroup = 8C4E620E28FC45CB00FDC1B6 /* Products */;
			projectDirPath = "";
			projectRoot = "";
			targets = (
				8C4E620C28FC45CB00FDC1B6 /* Boozing */,
				8C4E621D28FC45CC00FDC1B6 /* BoozingTests */,
				8C4E622728FC45CC00FDC1B6 /* BoozingUITests */,
			);
		};
/* End PBXProject section */

/* Begin PBXResourcesBuildPhase section */
		8C4E620B28FC45CB00FDC1B6 /* Resources */ = {
			isa = PBXResourcesBuildPhase;
			buildActionMask = 2147483647;
			files = (
				8C4E621928FC45CC00FDC1B6 /* Preview Assets.xcassets in Resources */,
				8C4E621528FC45CC00FDC1B6 /* Assets.xcassets in Resources */,
			);
			runOnlyForDeploymentPostprocessing = 0;
		};
		8C4E621C28FC45CC00FDC1B6 /* Resources */ = {
			isa = PBXResourcesBuildPhase;
			buildActionMask = 2147483647;
			files = (
			);
			runOnlyForDeploymentPostprocessing = 0;
		};
		8C4E622628FC45CC00FDC1B6 /* Resources */ = {
			isa = PBXResourcesBuildPhase;
			buildActionMask = 2147483647;
			files = (
			);
			runOnlyForDeploymentPostprocessing = 0;
		};
/* End PBXResourcesBuildPhase section */

/* Begin PBXSourcesBuildPhase section */
		8C4E620928FC45CB00FDC1B6 /* Sources */ = {
			isa = PBXSourcesBuildPhase;
			buildActionMask = 2147483647;
			files = (
				8C4E621328FC45CB00FDC1B6 /* ContentView.swift in Sources */,
				8C4E621128FC45CB00FDC1B6 /* BoozingApp.swift in Sources */,
			);
			runOnlyForDeploymentPostprocessing = 0;
		};
		8C4E621A28FC45CC00FDC1B6 /* Sources */ = {
			isa = PBXSourcesBuildPhase;
			buildActionMask = 2147483647;
			files = (
				8C4E622328FC45CC00FDC1B6 /* BoozingTests.swift in Sources */,
			);
			runOnlyForDeploymentPostprocessing = 0;
		};
		8C4E622428FC45CC00FDC1B6 /* Sources */ = {
			isa = PBXSourcesBuildPhase;
			buildActionMask = 2147483647;
			files = (
				8C4E622D28FC45CC00FDC1B6 /* BoozingUITests.swift in Sources */,
				8C4E622F28FC45CC00FDC1B6 /* BoozingUITestsLaunchTests.swift in Sources */,
			);
			runOnlyForDeploymentPostprocessing = 0;
		};
/* End PBXSourcesBuildPhase section */

/* Begin PBXTargetDependency section */
		8C4E622028FC45CC00FDC1B6 /* PBXTargetDependency */ = {
			isa = PBXTargetDependency;
			target = 8C4E620C28FC45CB00FDC1B6 /* Boozing */;
			targetProxy = 8C4E621F28FC45CC00FDC1B6 /* PBXContainerItemProxy */;
		};
		8C4E622A28FC45CC00FDC1B6 /* PBXTargetDependency */ = {
			isa = PBXTargetDependency;
			target = 8C4E620C28FC45CB00FDC1B6 /* Boozing */;
			targetProxy = 8C4E622928FC45CC00FDC1B6 /* PBXContainerItemProxy */;
		};
/* End PBXTargetDependency section */

/* Begin XCBuildConfiguration section */
		8C4E623028FC45CC00FDC1B6 /* Debug */ = {
			isa = XCBuildConfiguration;
			buildSettings = {
				ALWAYS_SEARCH_USER_PATHS = NO;
				CLANG_ANALYZER_NONNULL = YES;
				CLANG_ANALYZER_NUMBER_OBJECT_CONVERSION = YES_AGGRESSIVE;
				CLANG_CXX_LANGUAGE_STANDARD = "gnu++20";
				CLANG_ENABLE_MODULES = YES;
				CLANG_ENABLE_OBJC_ARC = YES;
				CLANG_ENABLE_OBJC_WEAK = YES;
				CLANG_WARN_BLOCK_CAPTURE_AUTORELEASING = YES;
				CLANG_WARN_BOOL_CONVERSION = YES;
				CLANG_WARN_COMMA = YES;
				CLANG_WARN_CONSTANT_CONVERSION = YES;
				CLANG_WARN_DEPRECATED_OBJC_IMPLEMENTATIONS = YES;
				CLANG_WARN_DIRECT_OBJC_ISA_USAGE = YES_ERROR;
				CLANG_WARN_DOCUMENTATION_COMMENTS = YES;
				CLANG_WARN_EMPTY_BODY = YES;
				CLANG_WARN_ENUM_CONVERSION = YES;
				CLANG_WARN_INFINITE_RECURSION = YES;
				CLANG_WARN_INT_CONVERSION = YES;
				CLANG_WARN_NON_LITERAL_NULL_CONVERSION = YES;
				CLANG_WARN_OBJC_IMPLICIT_RETAIN_SELF = YES;
				CLANG_WARN_OBJC_LITERAL_CONVERSION = YES;
				CLANG_WARN_OBJC_ROOT_CLASS = YES_ERROR;
				CLANG_WARN_QUOTED_INCLUDE_IN_FRAMEWORK_HEADER = YES;
				CLANG_WARN_RANGE_LOOP_ANALYSIS = YES;
				CLANG_WARN_STRICT_PROTOTYPES = YES;
				CLANG_WARN_SUSPICIOUS_MOVE = YES;
				CLANG_WARN_UNGUARDED_AVAILABILITY = YES_AGGRESSIVE;
				CLANG_WARN_UNREACHABLE_CODE = YES;
				CLANG_WARN__DUPLICATE_METHOD_MATCH = YES;
				COPY_PHASE_STRIP = NO;
				DEBUG_INFORMATION_FORMAT = dwarf;
				ENABLE_STRICT_OBJC_MSGSEND = YES;
				ENABLE_TESTABILITY = YES;
				GCC_C_LANGUAGE_STANDARD = gnu11;
				GCC_DYNAMIC_NO_PIC = NO;
				GCC_NO_COMMON_BLOCKS = YES;
				GCC_OPTIMIZATION_LEVEL = 0;
				GCC_PREPROCESSOR_DEFINITIONS = (
					"DEBUG=1",
					"$(inherited)",
				);
				GCC_WARN_64_TO_32_BIT_CONVERSION = YES;
				GCC_WARN_ABOUT_RETURN_TYPE = YES_ERROR;
				GCC_WARN_UNDECLARED_SELECTOR = YES;
				GCC_WARN_UNINITIALIZED_AUTOS = YES_AGGRESSIVE;
				GCC_WARN_UNUSED_FUNCTION = YES;
				GCC_WARN_UNUSED_VARIABLE = YES;
				MTL_ENABLE_DEBUG_INFO = INCLUDE_SOURCE;
				MTL_FAST_MATH = YES;
				ONLY_ACTIVE_ARCH = YES;
				SWIFT_ACTIVE_COMPILATION_CONDITIONS = DEBUG;
				SWIFT_OPTIMIZATION_LEVEL = "-Onone";
			};
			name = Debug;
		};
		8C4E623128FC45CC00FDC1B6 /* Release */ = {
			isa = XCBuildConfiguration;
			buildSettings = {
				ALWAYS_SEARCH_USER_PATHS = NO;
				CLANG_ANALYZER_NONNULL = YES;
				CLANG_ANALYZER_NUMBER_OBJECT_CONVERSION = YES_AGGRESSIVE;
				CLANG_CXX_LANGUAGE_STANDARD = "gnu++20";
				CLANG_ENABLE_MODULES = YES;
				CLANG_ENABLE_OBJC_ARC = YES;
				CLANG_ENABLE_OBJC_WEAK = YES;
				CLANG_WARN_BLOCK_CAPTURE_AUTORELEASING = YES;
				CLANG_WARN_BOOL_CONVERSION = YES;
				CLANG_WARN_COMMA = YES;
				CLANG_WARN_CONSTANT_CONVERSION = YES;
				CLANG_WARN_DEPRECATED_OBJC_IMPLEMENTATIONS = YES;
				CLANG_WARN_DIRECT_OBJC_ISA_USAGE = YES_ERROR;
				CLANG_WARN_DOCUMENTATION_COMMENTS = YES;
				CLANG_WARN_EMPTY_BODY = YES;
				CLANG_WARN_ENUM_CONVERSION = YES;
				CLANG_WARN_INFINITE_RECURSION = YES;
				CLANG_WARN_INT_CONVERSION = YES;
				CLANG_WARN_NON_LITERAL_NULL_CONVERSION = YES;
				CLANG_WARN_OBJC_IMPLICIT_RETAIN_SELF = YES;
				CLANG_WARN_OBJC_LITERAL_CONVERSION = YES;
				CLANG_WARN_OBJC_ROOT_CLASS = YES_ERROR;
				CLANG_WARN_QUOTED_INCLUDE_IN_FRAMEWORK_HEADER = YES;
				CLANG_WARN_RANGE_LOOP_ANALYSIS = YES;
				CLANG_WARN_STRICT_PROTOTYPES = YES;
				CLANG_WARN_SUSPICIOUS_MOVE = YES;
				CLANG_WARN_UNGUARDED_AVAILABILITY = YES_AGGRESSIVE;
				CLANG_WARN_UNREACHABLE_CODE = YES;
				CLANG_WARN__DUPLICATE_METHOD_MATCH = YES;
				COPY_PHASE_STRIP = NO;
				DEBUG_INFORMATION_FORMAT = "dwarf-with-dsym";
				ENABLE_NS_ASSERTIONS = NO;
				ENABLE_STRICT_OBJC_MSGSEND = YES;
				GCC_C_LANGUAGE_STANDARD = gnu11;
				GCC_NO_COMMON_BLOCKS = YES;
				GCC_WARN_64_TO_32_BIT_CONVERSION = YES;
				GCC_WARN_ABOUT_RETURN_TYPE = YES_ERROR;
				GCC_WARN_UNDECLARED_SELECTOR = YES;
				GCC_WARN_UNINITIALIZED_AUTOS = YES_AGGRESSIVE;
				GCC_WARN_UNUSED_FUNCTION = YES;
				GCC_WARN_UNUSED_VARIABLE = YES;
				MTL_ENABLE_DEBUG_INFO = NO;
				MTL_FAST_MATH = YES;
				SWIFT_COMPILATION_MODE = wholemodule;
				SWIFT_OPTIMIZATION_LEVEL = "-O";
			};
			name = Release;
		};
		8C4E623328FC45CC00FDC1B6 /* Debug */ = {
			isa = XCBuildConfiguration;
			buildSettings = {
				ASSETCATALOG_COMPILER_APPICON_NAME = AppIcon;
				ASSETCATALOG_COMPILER_GLOBAL_ACCENT_COLOR_NAME = AccentColor;
				CODE_SIGN_ENTITLEMENTS = Boozing/Boozing.entitlements;
				CODE_SIGN_STYLE = Automatic;
				CURRENT_PROJECT_VERSION = 1;
				DEVELOPMENT_ASSET_PATHS = "\"Boozing/Preview Content\"";
				DEVELOPMENT_TEAM = P5PX45TMHS;
				ENABLE_HARDENED_RUNTIME = YES;
				ENABLE_PREVIEWS = YES;
				GENERATE_INFOPLIST_FILE = YES;
				"INFOPLIST_KEY_UIApplicationSceneManifest_Generation[sdk=iphoneos*]" = YES;
				"INFOPLIST_KEY_UIApplicationSceneManifest_Generation[sdk=iphonesimulator*]" = YES;
				"INFOPLIST_KEY_UIApplicationSupportsIndirectInputEvents[sdk=iphoneos*]" = YES;
				"INFOPLIST_KEY_UIApplicationSupportsIndirectInputEvents[sdk=iphonesimulator*]" = YES;
				"INFOPLIST_KEY_UILaunchScreen_Generation[sdk=iphoneos*]" = YES;
				"INFOPLIST_KEY_UILaunchScreen_Generation[sdk=iphonesimulator*]" = YES;
				"INFOPLIST_KEY_UIStatusBarStyle[sdk=iphoneos*]" = UIStatusBarStyleDefault;
				"INFOPLIST_KEY_UIStatusBarStyle[sdk=iphonesimulator*]" = UIStatusBarStyleDefault;
				INFOPLIST_KEY_UISupportedInterfaceOrientations_iPad = "UIInterfaceOrientationPortrait UIInterfaceOrientationPortraitUpsideDown UIInterfaceOrientationLandscapeLeft UIInterfaceOrientationLandscapeRight";
				INFOPLIST_KEY_UISupportedInterfaceOrientations_iPhone = "UIInterfaceOrientationPortrait UIInterfaceOrientationLandscapeLeft UIInterfaceOrientationLandscapeRight";
				IPHONEOS_DEPLOYMENT_TARGET = 16.0;
				LD_RUNPATH_SEARCH_PATHS = "@executable_path/Frameworks";
				"LD_RUNPATH_SEARCH_PATHS[sdk=macosx*]" = "@executable_path/../Frameworks";
				MACOSX_DEPLOYMENT_TARGET = 12.3;
				MARKETING_VERSION = 1.0;
				PRODUCT_BUNDLE_IDENTIFIER = de.tbias25.Boozing;
				PRODUCT_NAME = "$(TARGET_NAME)";
				SDKROOT = auto;
				SUPPORTED_PLATFORMS = "iphoneos iphonesimulator macosx";
				SWIFT_EMIT_LOC_STRINGS = YES;
				SWIFT_VERSION = 5.0;
				TARGETED_DEVICE_FAMILY = "1,2";
			};
			name = Debug;
		};
		8C4E623428FC45CC00FDC1B6 /* Release */ = {
			isa = XCBuildConfiguration;
			buildSettings = {
				ASSETCATALOG_COMPILER_APPICON_NAME = AppIcon;
				ASSETCATALOG_COMPILER_GLOBAL_ACCENT_COLOR_NAME = AccentColor;
				CODE_SIGN_ENTITLEMENTS = Boozing/Boozing.entitlements;
				CODE_SIGN_STYLE = Automatic;
				CURRENT_PROJECT_VERSION = 1;
				DEVELOPMENT_ASSET_PATHS = "\"Boozing/Preview Content\"";
				DEVELOPMENT_TEAM = P5PX45TMHS;
				ENABLE_HARDENED_RUNTIME = YES;
				ENABLE_PREVIEWS = YES;
				GENERATE_INFOPLIST_FILE = YES;
				"INFOPLIST_KEY_UIApplicationSceneManifest_Generation[sdk=iphoneos*]" = YES;
				"INFOPLIST_KEY_UIApplicationSceneManifest_Generation[sdk=iphonesimulator*]" = YES;
				"INFOPLIST_KEY_UIApplicationSupportsIndirectInputEvents[sdk=iphoneos*]" = YES;
				"INFOPLIST_KEY_UIApplicationSupportsIndirectInputEvents[sdk=iphonesimulator*]" = YES;
				"INFOPLIST_KEY_UILaunchScreen_Generation[sdk=iphoneos*]" = YES;
				"INFOPLIST_KEY_UILaunchScreen_Generation[sdk=iphonesimulator*]" = YES;
				"INFOPLIST_KEY_UIStatusBarStyle[sdk=iphoneos*]" = UIStatusBarStyleDefault;
				"INFOPLIST_KEY_UIStatusBarStyle[sdk=iphonesimulator*]" = UIStatusBarStyleDefault;
				INFOPLIST_KEY_UISupportedInterfaceOrientations_iPad = "UIInterfaceOrientationPortrait UIInterfaceOrientationPortraitUpsideDown UIInterfaceOrientationLandscapeLeft UIInterfaceOrientationLandscapeRight";
				INFOPLIST_KEY_UISupportedInterfaceOrientations_iPhone = "UIInterfaceOrientationPortrait UIInterfaceOrientationLandscapeLeft UIInterfaceOrientationLandscapeRight";
				IPHONEOS_DEPLOYMENT_TARGET = 16.0;
				LD_RUNPATH_SEARCH_PATHS = "@executable_path/Frameworks";
				"LD_RUNPATH_SEARCH_PATHS[sdk=macosx*]" = "@executable_path/../Frameworks";
				MACOSX_DEPLOYMENT_TARGET = 12.3;
				MARKETING_VERSION = 1.0;
				PRODUCT_BUNDLE_IDENTIFIER = de.tbias25.Boozing;
				PRODUCT_NAME = "$(TARGET_NAME)";
				SDKROOT = auto;
				SUPPORTED_PLATFORMS = "iphoneos iphonesimulator macosx";
				SWIFT_EMIT_LOC_STRINGS = YES;
				SWIFT_VERSION = 5.0;
				TARGETED_DEVICE_FAMILY = "1,2";
			};
			name = Release;
		};
		8C4E623628FC45CC00FDC1B6 /* Debug */ = {
			isa = XCBuildConfiguration;
			buildSettings = {
				ALWAYS_EMBED_SWIFT_STANDARD_LIBRARIES = YES;
				BUNDLE_LOADER = "$(TEST_HOST)";
				CODE_SIGN_STYLE = Automatic;
				CURRENT_PROJECT_VERSION = 1;
				DEVELOPMENT_TEAM = P5PX45TMHS;
				GENERATE_INFOPLIST_FILE = YES;
				IPHONEOS_DEPLOYMENT_TARGET = 16.0;
				MACOSX_DEPLOYMENT_TARGET = 12.3;
				MARKETING_VERSION = 1.0;
				PRODUCT_BUNDLE_IDENTIFIER = de.tbias25.BoozingTests;
				PRODUCT_NAME = "$(TARGET_NAME)";
				SDKROOT = auto;
				SUPPORTED_PLATFORMS = "iphoneos iphonesimulator macosx";
				SWIFT_EMIT_LOC_STRINGS = NO;
				SWIFT_VERSION = 5.0;
				TARGETED_DEVICE_FAMILY = "1,2";
				TEST_HOST = "$(BUILT_PRODUCTS_DIR)/Boozing.app/$(BUNDLE_EXECUTABLE_FOLDER_PATH)/Boozing";
			};
			name = Debug;
		};
		8C4E623728FC45CC00FDC1B6 /* Release */ = {
			isa = XCBuildConfiguration;
			buildSettings = {
				ALWAYS_EMBED_SWIFT_STANDARD_LIBRARIES = YES;
				BUNDLE_LOADER = "$(TEST_HOST)";
				CODE_SIGN_STYLE = Automatic;
				CURRENT_PROJECT_VERSION = 1;
				DEVELOPMENT_TEAM = P5PX45TMHS;
				GENERATE_INFOPLIST_FILE = YES;
				IPHONEOS_DEPLOYMENT_TARGET = 16.0;
				MACOSX_DEPLOYMENT_TARGET = 12.3;
				MARKETING_VERSION = 1.0;
				PRODUCT_BUNDLE_IDENTIFIER = de.tbias25.BoozingTests;
				PRODUCT_NAME = "$(TARGET_NAME)";
				SDKROOT = auto;
				SUPPORTED_PLATFORMS = "iphoneos iphonesimulator macosx";
				SWIFT_EMIT_LOC_STRINGS = NO;
				SWIFT_VERSION = 5.0;
				TARGETED_DEVICE_FAMILY = "1,2";
				TEST_HOST = "$(BUILT_PRODUCTS_DIR)/Boozing.app/$(BUNDLE_EXECUTABLE_FOLDER_PATH)/Boozing";
			};
			name = Release;
		};
		8C4E623928FC45CC00FDC1B6 /* Debug */ = {
			isa = XCBuildConfiguration;
			buildSettings = {
				ALWAYS_EMBED_SWIFT_STANDARD_LIBRARIES = YES;
				CODE_SIGN_STYLE = Automatic;
				CURRENT_PROJECT_VERSION = 1;
				DEVELOPMENT_TEAM = P5PX45TMHS;
				GENERATE_INFOPLIST_FILE = YES;
				IPHONEOS_DEPLOYMENT_TARGET = 16.0;
				MACOSX_DEPLOYMENT_TARGET = 12.3;
				MARKETING_VERSION = 1.0;
				PRODUCT_BUNDLE_IDENTIFIER = de.tbias25.BoozingUITests;
				PRODUCT_NAME = "$(TARGET_NAME)";
				SDKROOT = auto;
				SUPPORTED_PLATFORMS = "iphoneos iphonesimulator macosx";
				SWIFT_EMIT_LOC_STRINGS = NO;
				SWIFT_VERSION = 5.0;
				TARGETED_DEVICE_FAMILY = "1,2";
				TEST_TARGET_NAME = Boozing;
			};
			name = Debug;
		};
		8C4E623A28FC45CC00FDC1B6 /* Release */ = {
			isa = XCBuildConfiguration;
			buildSettings = {
				ALWAYS_EMBED_SWIFT_STANDARD_LIBRARIES = YES;
				CODE_SIGN_STYLE = Automatic;
				CURRENT_PROJECT_VERSION = 1;
				DEVELOPMENT_TEAM = P5PX45TMHS;
				GENERATE_INFOPLIST_FILE = YES;
				IPHONEOS_DEPLOYMENT_TARGET = 16.0;
				MACOSX_DEPLOYMENT_TARGET = 12.3;
				MARKETING_VERSION = 1.0;
				PRODUCT_BUNDLE_IDENTIFIER = de.tbias25.BoozingUITests;
				PRODUCT_NAME = "$(TARGET_NAME)";
				SDKROOT = auto;
				SUPPORTED_PLATFORMS = "iphoneos iphonesimulator macosx";
				SWIFT_EMIT_LOC_STRINGS = NO;
				SWIFT_VERSION = 5.0;
				TARGETED_DEVICE_FAMILY = "1,2";
				TEST_TARGET_NAME = Boozing;
			};
			name = Release;
		};
/* End XCBuildConfiguration section */

/* Begin XCConfigurationList section */
		8C4E620828FC45CB00FDC1B6 /* Build configuration list for PBXProject "Boozing" */ = {
			isa = XCConfigurationList;
			buildConfigurations = (
				8C4E623028FC45CC00FDC1B6 /* Debug */,
				8C4E623128FC45CC00FDC1B6 /* Release */,
			);
			defaultConfigurationIsVisible = 0;
			defaultConfigurationName = Release;
		};
		8C4E623228FC45CC00FDC1B6 /* Build configuration list for PBXNativeTarget "Boozing" */ = {
			isa = XCConfigurationList;
			buildConfigurations = (
				8C4E623328FC45CC00FDC1B6 /* Debug */,
				8C4E623428FC45CC00FDC1B6 /* Release */,
			);
			defaultConfigurationIsVisible = 0;
			defaultConfigurationName = Release;
		};
		8C4E623528FC45CC00FDC1B6 /* Build configuration list for PBXNativeTarget "BoozingTests" */ = {
			isa = XCConfigurationList;
			buildConfigurations = (
				8C4E623628FC45CC00FDC1B6 /* Debug */,
				8C4E623728FC45CC00FDC1B6 /* Release */,
			);
			defaultConfigurationIsVisible = 0;
			defaultConfigurationName = Release;
		};
		8C4E623828FC45CC00FDC1B6 /* Build configuration list for PBXNativeTarget "BoozingUITests" */ = {
			isa = XCConfigurationList;
			buildConfigurations = (
				8C4E623928FC45CC00FDC1B6 /* Debug */,
				8C4E623A28FC45CC00FDC1B6 /* Release */,
			);
			defaultConfigurationIsVisible = 0;
			defaultConfigurationName = Release;
		};
/* End XCConfigurationList section */
	};
	rootObject = 8C4E620528FC45CB00FDC1B6 /* Project object */;
}
